
Microsoft Visual Studio Solution File, Format Version 12.00
# Visual Studio Version 16
VisualStudioVersion = 16.0.30907.101
MinimumVisualStudioVersion = 10.0.40219.1
Project("{9A19103F-16F7-4668-BE54-9A1E7A4F7556}") = "MvcMusic", "MvcMusic\MvcMusic.csproj", "{6D5E9E10-C23F-466C-9239-604996813D83}"
EndProject
Project("{FAE04EC0-301F-11D3-BF4B-00C04F79EFBC}") = "MusicForm", "MusicForm\MusicForm.csproj", "{C9983821-F5DC-4E09-BE2B-1577E0F53FEF}"
EndProject
Global
	GlobalSection(SolutionConfigurationPlatforms) = preSolution
		Debug|Any CPU = Debug|Any CPU
		Release|Any CPU = Release|Any CPU
	EndGlobalSection
	GlobalSection(ProjectConfigurationPlatforms) = postSolution
		{6D5E9E10-C23F-466C-9239-604996813D83}.Debug|Any CPU.ActiveCfg = Debug|Any CPU
		{6D5E9E10-C23F-466C-9239-604996813D83}.Debug|Any CPU.Build.0 = Debug|Any CPU
		{6D5E9E10-C23F-466C-9239-604996813D83}.Release|Any CPU.ActiveCfg = Release|Any CPU
		{6D5E9E10-C23F-466C-9239-604996813D83}.Release|Any CPU.Build.0 = Release|Any CPU
		{C9983821-F5DC-4E09-BE2B-1577E0F53FEF}.Debug|Any CPU.ActiveCfg = Debug|Any CPU
		{C9983821-F5DC-4E09-BE2B-1577E0F53FEF}.Debug|Any CPU.Build.0 = Debug|Any CPU
		{C9983821-F5DC-4E09-BE2B-1577E0F53FEF}.Release|Any CPU.ActiveCfg = Release|Any CPU
		{C9983821-F5DC-4E09-BE2B-1577E0F53FEF}.Release|Any CPU.Build.0 = Release|Any CPU
	EndGlobalSection
	GlobalSection(SolutionProperties) = preSolution
		HideSolutionNode = FALSE
	EndGlobalSection
	GlobalSection(ExtensibilityGlobals) = postSolution
		SolutionGuid = {E53C71B8-5553-470B-8AC7-2FEB4CE640F9}
	EndGlobalSection
EndGlobal
